
Microsoft Visual Studio Solution File, Format Version 12.00
# Visual Studio Version 16
VisualStudioVersion = 16.0.31105.61
MinimumVisualStudioVersion = 10.0.40219.1
Project("{FAE04EC0-301F-11D3-BF4B-00C04F79EFBC}") = "RESTSampleApp.UWP", "RESTSampleApp\RESTSampleApp.UWP\RESTSampleApp.UWP.csproj", "{06D73D8D-D791-491A-A787-62DE25F7D915}"
EndProject
Project("{FAE04EC0-301F-11D3-BF4B-00C04F79EFBC}") = "RESTSampleApp.Android", "RESTSampleApp\RESTSampleApp.Android\RESTSampleApp.Android.csproj", "{C30C1D33-B46C-420E-BB5E-B9D164174A41}"
EndProject
Project("{FAE04EC0-301F-11D3-BF4B-00C04F79EFBC}") = "RESTSampleApp.iOS", "RESTSampleApp\RESTSampleApp.iOS\RESTSampleApp.iOS.csproj", "{9E8B49EB-F014-4BFE-A00B-AEEC38750913}"
EndProject
Project("{FAE04EC0-301F-11D3-BF4B-00C04F79EFBC}") = "RESTSampleApp", "RESTSampleApp\RESTSampleApp\RESTSampleApp.csproj", "{16C09735-54C0-4933-A52B-DF9C994ABA1D}"
EndProject
Global
	GlobalSection(SolutionConfigurationPlatforms) = preSolution
		Debug|Any CPU = Debug|Any CPU
		Debug|ARM = Debug|ARM
		Debug|iPhone = Debug|iPhone
		Debug|iPhoneSimulator = Debug|iPhoneSimulator
		Debug|x64 = Debug|x64
		Debug|x86 = Debug|x86
		Release|Any CPU = Release|Any CPU
		Release|ARM = Release|ARM
		Release|iPhone = Release|iPhone
		Release|iPhoneSimulator = Release|iPhoneSimulator
		Release|x64 = Release|x64
		Release|x86 = Release|x86
	EndGlobalSection
	GlobalSection(ProjectConfigurationPlatforms) = postSolution
		{06D73D8D-D791-491A-A787-62DE25F7D915}.Debug|Any CPU.ActiveCfg = Debug|x86
		{06D73D8D-D791-491A-A787-62DE25F7D915}.Debug|Any CPU.Build.0 = Debug|x86
		{06D73D8D-D791-491A-A787-62DE25F7D915}.Debug|Any CPU.Deploy.0 = Debug|x86
		{06D73D8D-D791-491A-A787-62DE25F7D915}.Debug|ARM.ActiveCfg = Debug|ARM
		{06D73D8D-D791-491A-A787-62DE25F7D915}.Debug|ARM.Build.0 = Debug|ARM
		{06D73D8D-D791-491A-A787-62DE25F7D915}.Debug|ARM.Deploy.0 = Debug|ARM
		{06D73D8D-D791-491A-A787-62DE25F7D915}.Debug|iPhone.ActiveCfg = Debug|x86
		{06D73D8D-D791-491A-A787-62DE25F7D915}.Debug|iPhone.Build.0 = Debug|x86
		{06D73D8D-D791-491A-A787-62DE25F7D915}.Debug|iPhone.Deploy.0 = Debug|x86
		{06D73D8D-D791-491A-A787-62DE25F7D915}.Debug|iPhoneSimulator.ActiveCfg = Debug|x86
		{06D73D8D-D791-491A-A787-62DE25F7D915}.Debug|iPhoneSimulator.Build.0 = Debug|x86
		{06D73D8D-D791-491A-A787-62DE25F7D915}.Debug|iPhoneSimulator.Deploy.0 = Debug|x86
		{06D73D8D-D791-491A-A787-62DE25F7D915}.Debug|x64.ActiveCfg = Debug|x64
		{06D73D8D-D791-491A-A787-62DE25F7D915}.Debug|x64.Build.0 = Debug|x64
		{06D73D8D-D791-491A-A787-62DE25F7D915}.Debug|x64.Deploy.0 = Debug|x64
		{06D73D8D-D791-491A-A787-62DE25F7D915}.Debug|x86.ActiveCfg = Debug|x86
		{06D73D8D-D791-491A-A787-62DE25F7D915}.Debug|x86.Build.0 = Debug|x86
		{06D73D8D-D791-491A-A787-62DE25F7D915}.Debug|x86.Deploy.0 = Debug|x86
		{06D73D8D-D791-491A-A787-62DE25F7D915}.Release|Any CPU.ActiveCfg = Release|x86
		{06D73D8D-D791-491A-A787-62DE25F7D915}.Release|Any CPU.Build.0 = Release|x86
		{06D73D8D-D791-491A-A787-62DE25F7D915}.Release|Any CPU.Deploy.0 = Release|x86
		{06D73D8D-D791-491A-A787-62DE25F7D915}.Release|ARM.ActiveCfg = Release|ARM
		{06D73D8D-D791-491A-A787-62DE25F7D915}.Release|ARM.Build.0 = Release|ARM
		{06D73D8D-D791-491A-A787-62DE25F7D915}.Release|ARM.Deploy.0 = Release|ARM
		{06D73D8D-D791-491A-A787-62DE25F7D915}.Release|iPhone.ActiveCfg = Release|x86
		{06D73D8D-D791-491A-A787-62DE25F7D915}.Release|iPhone.Build.0 = Release|x86
		{06D73D8D-D791-491A-A787-62DE25F7D915}.Release|iPhone.Deploy.0 = Release|x86
		{06D73D8D-D791-491A-A787-62DE25F7D915}.Release|iPhoneSimulator.ActiveCfg = Release|x86
		{06D73D8D-D791-491A-A787-62DE25F7D915}.Release|iPhoneSimulator.Build.0 = Release|x86
		{06D73D8D-D791-491A-A787-62DE25F7D915}.Release|iPhoneSimulator.Deploy.0 = Release|x86
		{06D73D8D-D791-491A-A787-62DE25F7D915}.Release|x64.ActiveCfg = Release|x64
		{06D73D8D-D791-491A-A787-62DE25F7D915}.Release|x64.Build.0 = Release|x64
		{06D73D8D-D791-491A-A787-62DE25F7D915}.Release|x64.Deploy.0 = Release|x64
		{06D73D8D-D791-491A-A787-62DE25F7D915}.Release|x86.ActiveCfg = Release|x86
		{06D73D8D-D791-491A-A787-62DE25F7D915}.Release|x86.Build.0 = Release|x86
		{06D73D8D-D791-491A-A787-62DE25F7D915}.Release|x86.Deploy.0 = Release|x86
		{C30C1D33-B46C-420E-BB5E-B9D164174A41}.Debug|Any CPU.ActiveCfg = Debug|Any CPU
		{C30C1D33-B46C-420E-BB5E-B9D164174A41}.Debug|Any CPU.Build.0 = Debug|Any CPU
		{C30C1D33-B46C-420E-BB5E-B9D164174A41}.Debug|Any CPU.Deploy.0 = Debug|Any CPU
		{C30C1D33-B46C-420E-BB5E-B9D164174A41}.Debug|ARM.ActiveCfg = Debug|Any CPU
		{C30C1D33-B46C-420E-BB5E-B9D164174A41}.Debug|ARM.Build.0 = Debug|Any CPU
		{C30C1D33-B46C-420E-BB5E-B9D164174A41}.Debug|ARM.Deploy.0 = Debug|Any CPU
		{C30C1D33-B46C-420E-BB5E-B9D164174A41}.Debug|iPhone.ActiveCfg = Debug|Any CPU
		{C30C1D33-B46C-420E-BB5E-B9D164174A41}.Debug|iPhone.Build.0 = Debug|Any CPU
		{C30C1D33-B46C-420E-BB5E-B9D164174A41}.Debug|iPhone.Deploy.0 = Debug|Any CPU
		{C30C1D33-B46C-420E-BB5E-B9D164174A41}.Debug|iPhoneSimulator.ActiveCfg = Debug|Any CPU
		{C30C1D33-B46C-420E-BB5E-B9D164174A41}.Debug|iPhoneSimulator.Build.0 = Debug|Any CPU
		{C30C1D33-B46C-420E-BB5E-B9D164174A41}.Debug|iPhoneSimulator.Deploy.0 = Debug|Any CPU
		{C30C1D33-B46C-420E-BB5E-B9D164174A41}.Debug|x64.ActiveCfg = Debug|Any CPU
		{C30C1D33-B46C-420E-BB5E-B9D164174A41}.Debug|x64.Build.0 = Debug|Any CPU
		{C30C1D33-B46C-420E-BB5E-B9D164174A41}.Debug|x64.Deploy.0 = Debug|Any CPU
		{C30C1D33-B46C-420E-BB5E-B9D164174A41}.Debug|x86.ActiveCfg = Debug|Any CPU
		{C30C1D33-B46C-420E-BB5E-B9D164174A41}.Debug|x86.Build.0 = Debug|Any CPU
		{C30C1D33-B46C-420E-BB5E-B9D164174A41}.Debug|x86.Deploy.0 = Debug|Any CPU
		{C30C1D33-B46C-420E-BB5E-B9D164174A41}.Release|Any CPU.ActiveCfg = Release|Any CPU
		{C30C1D33-B46C-420E-BB5E-B9D164174A41}.Release|Any CPU.Build.0 = Release|Any CPU
		{C30C1D33-B46C-420E-BB5E-B9D164174A41}.Release|Any CPU.Deploy.0 = Release|Any CPU
		{C30C1D33-B46C-420E-BB5E-B9D164174A41}.Release|ARM.ActiveCfg = Release|Any CPU
		{C30C1D33-B46C-420E-BB5E-B9D164174A41}.Release|ARM.Build.0 = Release|Any CPU
		{C30C1D33-B46C-420E-BB5E-B9D164174A41}.Release|ARM.Deploy.0 = Release|Any CPU
		{C30C1D33-B46C-420E-BB5E-B9D164174A41}.Release|iPhone.ActiveCfg = Release|Any CPU
		{C30C1D33-B46C-420E-BB5E-B9D164174A41}.Release|iPhone.Build.0 = Release|Any CPU
		{C30C1D33-B46C-420E-BB5E-B9D164174A41}.Release|iPhone.Deploy.0 = Release|Any CPU
		{C30C1D33-B46C-420E-BB5E-B9D164174A41}.Release|iPhoneSimulator.ActiveCfg = Release|Any CPU
		{C30C1D33-B46C-420E-BB5E-B9D164174A41}.Release|iPhoneSimulator.Build.0 = Release|Any CPU
		{C30C1D33-B46C-420E-BB5E-B9D164174A41}.Release|iPhoneSimulator.Deploy.0 = Release|Any CPU
		{C30C1D33-B46C-420E-BB5E-B9D164174A41}.Release|x64.ActiveCfg = Release|Any CPU
		{C30C1D33-B46C-420E-BB5E-B9D164174A41}.Release|x64.Build.0 = Release|Any CPU
		{C30C1D33-B46C-420E-BB5E-B9D164174A41}.Release|x64.Deploy.0 = Release|Any CPU
		{C30C1D33-B46C-420E-BB5E-B9D164174A41}.Release|x86.ActiveCfg = Release|Any CPU
		{C30C1D33-B46C-420E-BB5E-B9D164174A41}.Release|x86.Build.0 = Release|Any CPU
		{C30C1D33-B46C-420E-BB5E-B9D164174A41}.Release|x86.Deploy.0 = Release|Any CPU
		{9E8B49EB-F014-4BFE-A00B-AEEC38750913}.Debug|Any CPU.ActiveCfg = Debug|iPhoneSimulator
		{9E8B49EB-F014-4BFE-A00B-AEEC38750913}.Debug|Any CPU.Build.0 = Debug|iPhoneSimulator
		{9E8B49EB-F014-4BFE-A00B-AEEC38750913}.Debug|Any CPU.Deploy.0 = Debug|iPhoneSimulator
		{9E8B49EB-F014-4BFE-A00B-AEEC38750913}.Debug|ARM.ActiveCfg = Debug|iPhone
		{9E8B49EB-F014-4BFE-A00B-AEEC38750913}.Debug|ARM.Build.0 = Debug|iPhone
		{9E8B49EB-F014-4BFE-A00B-AEEC38750913}.Debug|ARM.Deploy.0 = Debug|iPhone
		{9E8B49EB-F014-4BFE-A00B-AEEC38750913}.Debug|iPhone.ActiveCfg = Debug|iPhone
		{9E8B49EB-F014-4BFE-A00B-AEEC38750913}.Debug|iPhone.Build.0 = Debug|iPhone
		{9E8B49EB-F014-4BFE-A00B-AEEC38750913}.Debug|iPhone.Deploy.0 = Debug|iPhone
		{9E8B49EB-F014-4BFE-A00B-AEEC38750913}.Debug|iPhoneSimulator.ActiveCfg = Debug|iPhoneSimulator
		{9E8B49EB-F014-4BFE-A00B-AEEC38750913}.Debug|iPhoneSimulator.Build.0 = Debug|iPhoneSimulator
		{9E8B49EB-F014-4BFE-A00B-AEEC38750913}.Debug|iPhoneSimulator.Deploy.0 = Debug|iPhoneSimulator
		{9E8B49EB-F014-4BFE-A00B-AEEC38750913}.Debug|x64.ActiveCfg = Debug|iPhoneSimulator
		{9E8B49EB-F014-4BFE-A00B-AEEC38750913}.Debug|x64.Build.0 = Debug|iPhoneSimulator
		{9E8B49EB-F014-4BFE-A00B-AEEC38750913}.Debug|x64.Deploy.0 = Debug|iPhoneSimulator
		{9E8B49EB-F014-4BFE-A00B-AEEC38750913}.Debug|x86.ActiveCfg = Debug|iPhoneSimulator
		{9E8B49EB-F014-4BFE-A00B-AEEC38750913}.Debug|x86.Build.0 = Debug|iPhoneSimulator
		{9E8B49EB-F014-4BFE-A00B-AEEC38750913}.Debug|x86.Deploy.0 = Debug|iPhoneSimulator
		{9E8B49EB-F014-4BFE-A00B-AEEC38750913}.Release|Any CPU.ActiveCfg = Release|iPhoneSimulator
		{9E8B49EB-F014-4BFE-A00B-AEEC38750913}.Release|Any CPU.Build.0 = Release|iPhoneSimulator
		{9E8B49EB-F014-4BFE-A00B-AEEC38750913}.Release|Any CPU.Deploy.0 = Release|iPhoneSimulator
		{9E8B49EB-F014-4BFE-A00B-AEEC38750913}.Release|ARM.ActiveCfg = Release|iPhoneSimulator
		{9E8B49EB-F014-4BFE-A00B-AEEC38750913}.Release|ARM.Build.0 = Release|iPhoneSimulator
		{9E8B49EB-F014-4BFE-A00B-AEEC38750913}.Release|ARM.Deploy.0 = Release|iPhoneSimulator
		{9E8B49EB-F014-4BFE-A00B-AEEC38750913}.Release|iPhone.ActiveCfg = Release|iPhone
		{9E8B49EB-F014-4BFE-A00B-AEEC38750913}.Release|iPhone.Build.0 = Release|iPhone
		{9E8B49EB-F014-4BFE-A00B-AEEC38750913}.Release|iPhone.Deploy.0 = Release|iPhone
		{9E8B49EB-F014-4BFE-A00B-AEEC38750913}.Release|iPhoneSimulator.ActiveCfg = Release|iPhoneSimulator
		{9E8B49EB-F014-4BFE-A00B-AEEC38750913}.Release|iPhoneSimulator.Build.0 = Release|iPhoneSimulator
		{9E8B49EB-F014-4BFE-A00B-AEEC38750913}.Release|iPhoneSimulator.Deploy.0 = Release|iPhoneSimulator
		{9E8B49EB-F014-4BFE-A00B-AEEC38750913}.Release|x64.ActiveCfg = Release|iPhoneSimulator
		{9E8B49EB-F014-4BFE-A00B-AEEC38750913}.Release|x64.Build.0 = Release|iPhoneSimulator
		{9E8B49EB-F014-4BFE-A00B-AEEC38750913}.Release|x64.Deploy.0 = Release|iPhoneSimulator
		{9E8B49EB-F014-4BFE-A00B-AEEC38750913}.Release|x86.ActiveCfg = Release|iPhoneSimulator
		{9E8B49EB-F014-4BFE-A00B-AEEC38750913}.Release|x86.Build.0 = Release|iPhoneSimulator
		{9E8B49EB-F014-4BFE-A00B-AEEC38750913}.Release|x86.Deploy.0 = Release|iPhoneSimulator
		{16C09735-54C0-4933-A52B-DF9C994ABA1D}.Debug|Any CPU.ActiveCfg = Debug|Any CPU
		{16C09735-54C0-4933-A52B-DF9C994ABA1D}.Debug|Any CPU.Build.0 = Debug|Any CPU
		{16C09735-54C0-4933-A52B-DF9C994ABA1D}.Debug|Any CPU.Deploy.0 = Debug|Any CPU
		{16C09735-54C0-4933-A52B-DF9C994ABA1D}.Debug|ARM.ActiveCfg = Debug|Any CPU
		{16C09735-54C0-4933-A52B-DF9C994ABA1D}.Debug|ARM.Build.0 = Debug|Any CPU
		{16C09735-54C0-4933-A52B-DF9C994ABA1D}.Debug|ARM.Deploy.0 = Debug|Any CPU
		{16C09735-54C0-4933-A52B-DF9C994ABA1D}.Debug|iPhone.ActiveCfg = Debug|Any CPU
		{16C09735-54C0-4933-A52B-DF9C994ABA1D}.Debug|iPhone.Build.0 = Debug|Any CPU
		{16C09735-54C0-4933-A52B-DF9C994ABA1D}.Debug|iPhone.Deploy.0 = Debug|Any CPU
		{16C09735-54C0-4933-A52B-DF9C994ABA1D}.Debug|iPhoneSimulator.ActiveCfg = Debug|Any CPU
		{16C09735-54C0-4933-A52B-DF9C994ABA1D}.Debug|iPhoneSimulator.Build.0 = Debug|Any CPU
		{16C09735-54C0-4933-A52B-DF9C994ABA1D}.Debug|iPhoneSimulator.Deploy.0 = Debug|Any CPU
		{16C09735-54C0-4933-A52B-DF9C994ABA1D}.Debug|x64.ActiveCfg = Debug|Any CPU
		{16C09735-54C0-4933-A52B-DF9C994ABA1D}.Debug|x64.Build.0 = Debug|Any CPU
		{16C09735-54C0-4933-A52B-DF9C994ABA1D}.Debug|x64.Deploy.0 = Debug|Any CPU
		{16C09735-54C0-4933-A52B-DF9C994ABA1D}.Debug|x86.ActiveCfg = Debug|Any CPU
		{16C09735-54C0-4933-A52B-DF9C994ABA1D}.Debug|x86.Build.0 = Debug|Any CPU
		{16C09735-54C0-4933-A52B-DF9C994ABA1D}.Debug|x86.Deploy.0 = Debug|Any CPU
		{16C09735-54C0-4933-A52B-DF9C994ABA1D}.Release|Any CPU.ActiveCfg = Release|Any CPU
		{16C09735-54C0-4933-A52B-DF9C994ABA1D}.Release|Any CPU.Build.0 = Release|Any CPU
		{16C09735-54C0-4933-A52B-DF9C994ABA1D}.Release|Any CPU.Deploy.0 = Release|Any CPU
		{16C09735-54C0-4933-A52B-DF9C994ABA1D}.Release|ARM.ActiveCfg = Release|Any CPU
		{16C09735-54C0-4933-A52B-DF9C994ABA1D}.Release|ARM.Build.0 = Release|Any CPU
		{16C09735-54C0-4933-A52B-DF9C994ABA1D}.Release|ARM.Deploy.0 = Release|Any CPU
		{16C09735-54C0-4933-A52B-DF9C994ABA1D}.Release|iPhone.ActiveCfg = Release|Any CPU
		{16C09735-54C0-4933-A52B-DF9C994ABA1D}.Release|iPhone.Build.0 = Release|Any CPU
		{16C09735-54C0-4933-A52B-DF9C994ABA1D}.Release|iPhone.Deploy.0 = Release|Any CPU
		{16C09735-54C0-4933-A52B-DF9C994ABA1D}.Release|iPhoneSimulator.ActiveCfg = Release|Any CPU
		{16C09735-54C0-4933-A52B-DF9C994ABA1D}.Release|iPhoneSimulator.Build.0 = Release|Any CPU
		{16C09735-54C0-4933-A52B-DF9C994ABA1D}.Release|iPhoneSimulator.Deploy.0 = Release|Any CPU
		{16C09735-54C0-4933-A52B-DF9C994ABA1D}.Release|x64.ActiveCfg = Release|Any CPU
		{16C09735-54C0-4933-A52B-DF9C994ABA1D}.Release|x64.Build.0 = Release|Any CPU
		{16C09735-54C0-4933-A52B-DF9C994ABA1D}.Release|x64.Deploy.0 = Release|Any CPU
		{16C09735-54C0-4933-A52B-DF9C994ABA1D}.Release|x86.ActiveCfg = Release|Any CPU
		{16C09735-54C0-4933-A52B-DF9C994ABA1D}.Release|x86.Build.0 = Release|Any CPU
		{16C09735-54C0-4933-A52B-DF9C994ABA1D}.Release|x86.Deploy.0 = Release|Any CPU
	EndGlobalSection
	GlobalSection(SolutionProperties) = preSolution
		HideSolutionNode = FALSE
	EndGlobalSection
	GlobalSection(ExtensibilityGlobals) = postSolution
		SolutionGuid = {89CC6AEF-1028-4B1E-BB75-CBEA0E45C261}
	EndGlobalSection
EndGlobal
